
Microsoft Visual Studio Solution File, Format Version 12.00
# Visual Studio Version 16
VisualStudioVersion = 16.0.30503.244
MinimumVisualStudioVersion = 10.0.40219.1
Project("{FAE04EC0-301F-11D3-BF4B-00C04F79EFBC}") = "Треугольник", "Треугольник\Треугольник.csproj", "{AC4BF875-E12E-40F0-B3B2-E6ECA39DBC6E}"
EndProject
Global
	GlobalSection(SolutionConfigurationPlatforms) = preSolution
		Debug|Any CPU = Debug|Any CPU
		Release|Any CPU = Release|Any CPU
	EndGlobalSection
	GlobalSection(ProjectConfigurationPlatforms) = postSolution
		{AC4BF875-E12E-40F0-B3B2-E6ECA39DBC6E}.Debug|Any CPU.ActiveCfg = Debug|Any CPU
		{AC4BF875-E12E-40F0-B3B2-E6ECA39DBC6E}.Debug|Any CPU.Build.0 = Debug|Any CPU
		{AC4BF875-E12E-40F0-B3B2-E6ECA39DBC6E}.Release|Any CPU.ActiveCfg = Release|Any CPU
		{AC4BF875-E12E-40F0-B3B2-E6ECA39DBC6E}.Release|Any CPU.Build.0 = Release|Any CPU
	EndGlobalSection
	GlobalSection(SolutionProperties) = preSolution
		HideSolutionNode = FALSE
	EndGlobalSection
	GlobalSection(ExtensibilityGlobals) = postSolution
		SolutionGuid = {735AF4AD-B5CD-4711-91F0-E162B89CB5E0}
	EndGlobalSection
EndGlobal
