
Microsoft Visual Studio Solution File, Format Version 12.00
# Visual Studio Version 16
VisualStudioVersion = 16.0.30503.244
MinimumVisualStudioVersion = 10.0.40219.1
Project("{9A19103F-16F7-4668-BE54-9A1E7A4F7556}") = "ConsoleApp1", "ConsoleApp1\ConsoleApp1.csproj", "{22EFE217-91C7-4170-A8F3-BD768661D786}"
	ProjectSection(ProjectDependencies) = postProject
		{9BCC569E-3455-4E48-9432-693A231F5BAF} = {9BCC569E-3455-4E48-9432-693A231F5BAF}
	EndProjectSection
EndProject
Project("{9A19103F-16F7-4668-BE54-9A1E7A4F7556}") = "ClassLibrary1", "ClassLibrary1\ClassLibrary1.csproj", "{2AF7F678-668A-47A2-8C52-3B133BF72EDD}"
EndProject
Project("{FAE04EC0-301F-11D3-BF4B-00C04F79EFBC}") = "ClassLibrary2", "ClassLibrary2\ClassLibrary2.csproj", "{9BCC569E-3455-4E48-9432-693A231F5BAF}"
EndProject
Project("{FAE04EC0-301F-11D3-BF4B-00C04F79EFBC}") = "ClassLibrary3", "ClassLibrary3\ClassLibrary3.csproj", "{F127A4DD-3147-4BC0-8A0A-884572507026}"
EndProject
Global
	GlobalSection(SolutionConfigurationPlatforms) = preSolution
		Debug|Any CPU = Debug|Any CPU
		Release|Any CPU = Release|Any CPU
	EndGlobalSection
	GlobalSection(ProjectConfigurationPlatforms) = postSolution
		{22EFE217-91C7-4170-A8F3-BD768661D786}.Debug|Any CPU.ActiveCfg = Debug|Any CPU
		{22EFE217-91C7-4170-A8F3-BD768661D786}.Debug|Any CPU.Build.0 = Debug|Any CPU
		{22EFE217-91C7-4170-A8F3-BD768661D786}.Release|Any CPU.ActiveCfg = Release|Any CPU
		{22EFE217-91C7-4170-A8F3-BD768661D786}.Release|Any CPU.Build.0 = Release|Any CPU
		{2AF7F678-668A-47A2-8C52-3B133BF72EDD}.Debug|Any CPU.ActiveCfg = Debug|Any CPU
		{2AF7F678-668A-47A2-8C52-3B133BF72EDD}.Debug|Any CPU.Build.0 = Debug|Any CPU
		{2AF7F678-668A-47A2-8C52-3B133BF72EDD}.Release|Any CPU.ActiveCfg = Release|Any CPU
		{2AF7F678-668A-47A2-8C52-3B133BF72EDD}.Release|Any CPU.Build.0 = Release|Any CPU
		{9BCC569E-3455-4E48-9432-693A231F5BAF}.Debug|Any CPU.ActiveCfg = Debug|Any CPU
		{9BCC569E-3455-4E48-9432-693A231F5BAF}.Debug|Any CPU.Build.0 = Debug|Any CPU
		{9BCC569E-3455-4E48-9432-693A231F5BAF}.Release|Any CPU.ActiveCfg = Release|Any CPU
		{9BCC569E-3455-4E48-9432-693A231F5BAF}.Release|Any CPU.Build.0 = Release|Any CPU
		{F127A4DD-3147-4BC0-8A0A-884572507026}.Debug|Any CPU.ActiveCfg = Debug|Any CPU
		{F127A4DD-3147-4BC0-8A0A-884572507026}.Debug|Any CPU.Build.0 = Debug|Any CPU
		{F127A4DD-3147-4BC0-8A0A-884572507026}.Release|Any CPU.ActiveCfg = Release|Any CPU
		{F127A4DD-3147-4BC0-8A0A-884572507026}.Release|Any CPU.Build.0 = Release|Any CPU
	EndGlobalSection
	GlobalSection(SolutionProperties) = preSolution
		HideSolutionNode = FALSE
	EndGlobalSection
	GlobalSection(ExtensibilityGlobals) = postSolution
		SolutionGuid = {9A0BA4A3-6AFD-489F-BF9C-830003CB261C}
	EndGlobalSection
EndGlobal
