
Microsoft Visual Studio Solution File, Format Version 12.00
# Visual Studio Version 16
VisualStudioVersion = 16.0.30503.244
MinimumVisualStudioVersion = 10.0.40219.1
Project("{FAE04EC0-301F-11D3-BF4B-00C04F79EFBC}") = "ConsoleApp12", "ConsoleApp12\ConsoleApp12.csproj", "{408A9477-2710-4B77-AE2C-5460341177EE}"
EndProject
Global
	GlobalSection(SolutionConfigurationPlatforms) = preSolution
		Debug|Any CPU = Debug|Any CPU
		Release|Any CPU = Release|Any CPU
	EndGlobalSection
	GlobalSection(ProjectConfigurationPlatforms) = postSolution
		{408A9477-2710-4B77-AE2C-5460341177EE}.Debug|Any CPU.ActiveCfg = Debug|Any CPU
		{408A9477-2710-4B77-AE2C-5460341177EE}.Debug|Any CPU.Build.0 = Debug|Any CPU
		{408A9477-2710-4B77-AE2C-5460341177EE}.Release|Any CPU.ActiveCfg = Release|Any CPU
		{408A9477-2710-4B77-AE2C-5460341177EE}.Release|Any CPU.Build.0 = Release|Any CPU
	EndGlobalSection
	GlobalSection(SolutionProperties) = preSolution
		HideSolutionNode = FALSE
	EndGlobalSection
	GlobalSection(ExtensibilityGlobals) = postSolution
		SolutionGuid = {C79EA479-E049-4DF6-8B2F-28A60323845B}
	EndGlobalSection
EndGlobal
