
Microsoft Visual Studio Solution File, Format Version 12.00
# Visual Studio Version 16
VisualStudioVersion = 16.0.30503.244
MinimumVisualStudioVersion = 10.0.40219.1
Project("{FAE04EC0-301F-11D3-BF4B-00C04F79EFBC}") = "Числа от пользователя в порядлке возрастания", "Числа от пользователя в порядлке возрастания\Числа от пользователя в порядлке возрастания.csproj", "{A3BFD79F-9495-4563-A291-5C95EC6D9B0A}"
EndProject
Global
	GlobalSection(SolutionConfigurationPlatforms) = preSolution
		Debug|Any CPU = Debug|Any CPU
		Release|Any CPU = Release|Any CPU
	EndGlobalSection
	GlobalSection(ProjectConfigurationPlatforms) = postSolution
		{A3BFD79F-9495-4563-A291-5C95EC6D9B0A}.Debug|Any CPU.ActiveCfg = Debug|Any CPU
		{A3BFD79F-9495-4563-A291-5C95EC6D9B0A}.Debug|Any CPU.Build.0 = Debug|Any CPU
		{A3BFD79F-9495-4563-A291-5C95EC6D9B0A}.Release|Any CPU.ActiveCfg = Release|Any CPU
		{A3BFD79F-9495-4563-A291-5C95EC6D9B0A}.Release|Any CPU.Build.0 = Release|Any CPU
	EndGlobalSection
	GlobalSection(SolutionProperties) = preSolution
		HideSolutionNode = FALSE
	EndGlobalSection
	GlobalSection(ExtensibilityGlobals) = postSolution
		SolutionGuid = {B04D02E0-E55F-408B-9528-51C657EF4E2B}
	EndGlobalSection
EndGlobal
