
Microsoft Visual Studio Solution File, Format Version 12.00
# Visual Studio Version 16
VisualStudioVersion = 16.0.30503.244
MinimumVisualStudioVersion = 10.0.40219.1
Project("{FAE04EC0-301F-11D3-BF4B-00C04F79EFBC}") = "Возводилка в степень", "Возводилка в степень\Возводилка в степень.csproj", "{1C3135C8-1DF8-418D-9FE9-0CFB3ED68D44}"
EndProject
Global
	GlobalSection(SolutionConfigurationPlatforms) = preSolution
		Debug|Any CPU = Debug|Any CPU
		Release|Any CPU = Release|Any CPU
	EndGlobalSection
	GlobalSection(ProjectConfigurationPlatforms) = postSolution
		{1C3135C8-1DF8-418D-9FE9-0CFB3ED68D44}.Debug|Any CPU.ActiveCfg = Debug|Any CPU
		{1C3135C8-1DF8-418D-9FE9-0CFB3ED68D44}.Debug|Any CPU.Build.0 = Debug|Any CPU
		{1C3135C8-1DF8-418D-9FE9-0CFB3ED68D44}.Release|Any CPU.ActiveCfg = Release|Any CPU
		{1C3135C8-1DF8-418D-9FE9-0CFB3ED68D44}.Release|Any CPU.Build.0 = Release|Any CPU
	EndGlobalSection
	GlobalSection(SolutionProperties) = preSolution
		HideSolutionNode = FALSE
	EndGlobalSection
	GlobalSection(ExtensibilityGlobals) = postSolution
		SolutionGuid = {D9EF4B63-74CC-4C00-AF58-97BCD7F36F71}
	EndGlobalSection
EndGlobal
