
Microsoft Visual Studio Solution File, Format Version 12.00
# Visual Studio Version 16
VisualStudioVersion = 16.0.30503.244
MinimumVisualStudioVersion = 10.0.40219.1
Project("{FAE04EC0-301F-11D3-BF4B-00C04F79EFBC}") = "Прямоугольник", "Прямоугольник\Прямоугольник.csproj", "{D64EDF72-E6E2-4BDF-9C68-79AE297A7CFF}"
EndProject
Global
	GlobalSection(SolutionConfigurationPlatforms) = preSolution
		Debug|Any CPU = Debug|Any CPU
		Release|Any CPU = Release|Any CPU
	EndGlobalSection
	GlobalSection(ProjectConfigurationPlatforms) = postSolution
		{D64EDF72-E6E2-4BDF-9C68-79AE297A7CFF}.Debug|Any CPU.ActiveCfg = Debug|Any CPU
		{D64EDF72-E6E2-4BDF-9C68-79AE297A7CFF}.Debug|Any CPU.Build.0 = Debug|Any CPU
		{D64EDF72-E6E2-4BDF-9C68-79AE297A7CFF}.Release|Any CPU.ActiveCfg = Release|Any CPU
		{D64EDF72-E6E2-4BDF-9C68-79AE297A7CFF}.Release|Any CPU.Build.0 = Release|Any CPU
	EndGlobalSection
	GlobalSection(SolutionProperties) = preSolution
		HideSolutionNode = FALSE
	EndGlobalSection
	GlobalSection(ExtensibilityGlobals) = postSolution
		SolutionGuid = {44E7E0BF-9569-4211-9ACC-5E9444573DB6}
	EndGlobalSection
EndGlobal
