
Microsoft Visual Studio Solution File, Format Version 12.00
# Visual Studio Version 16
VisualStudioVersion = 16.0.30503.244
MinimumVisualStudioVersion = 10.0.40219.1
Project("{FAE04EC0-301F-11D3-BF4B-00C04F79EFBC}") = "Гистограмма", "Гистограмма\Гистограмма.csproj", "{FA749B8B-F5BB-47A1-88BA-7160EBFCAEEB}"
EndProject
Global
	GlobalSection(SolutionConfigurationPlatforms) = preSolution
		Debug|Any CPU = Debug|Any CPU
		Release|Any CPU = Release|Any CPU
	EndGlobalSection
	GlobalSection(ProjectConfigurationPlatforms) = postSolution
		{FA749B8B-F5BB-47A1-88BA-7160EBFCAEEB}.Debug|Any CPU.ActiveCfg = Debug|Any CPU
		{FA749B8B-F5BB-47A1-88BA-7160EBFCAEEB}.Debug|Any CPU.Build.0 = Debug|Any CPU
		{FA749B8B-F5BB-47A1-88BA-7160EBFCAEEB}.Release|Any CPU.ActiveCfg = Release|Any CPU
		{FA749B8B-F5BB-47A1-88BA-7160EBFCAEEB}.Release|Any CPU.Build.0 = Release|Any CPU
	EndGlobalSection
	GlobalSection(SolutionProperties) = preSolution
		HideSolutionNode = FALSE
	EndGlobalSection
	GlobalSection(ExtensibilityGlobals) = postSolution
		SolutionGuid = {CE5E6DE4-3CCB-4A91-86EB-5A1342A8087A}
	EndGlobalSection
EndGlobal
