
Microsoft Visual Studio Solution File, Format Version 12.00
# Visual Studio Version 16
VisualStudioVersion = 16.0.30503.244
MinimumVisualStudioVersion = 10.0.40219.1
Project("{FAE04EC0-301F-11D3-BF4B-00C04F79EFBC}") = "ClassLibrary1", "ClassLibrary1\ClassLibrary1.csproj", "{6403E505-1518-4AC8-96F7-43917B225028}"
EndProject
Project("{FAE04EC0-301F-11D3-BF4B-00C04F79EFBC}") = "NUnitTestProject1", "NUnitTestProject1\NUnitTestProject1.csproj", "{0F2EAC0B-BD99-4B0B-9C32-5C19955302ED}"
EndProject
Global
	GlobalSection(SolutionConfigurationPlatforms) = preSolution
		Debug|Any CPU = Debug|Any CPU
		Release|Any CPU = Release|Any CPU
	EndGlobalSection
	GlobalSection(ProjectConfigurationPlatforms) = postSolution
		{6403E505-1518-4AC8-96F7-43917B225028}.Debug|Any CPU.ActiveCfg = Debug|Any CPU
		{6403E505-1518-4AC8-96F7-43917B225028}.Debug|Any CPU.Build.0 = Debug|Any CPU
		{6403E505-1518-4AC8-96F7-43917B225028}.Release|Any CPU.ActiveCfg = Release|Any CPU
		{6403E505-1518-4AC8-96F7-43917B225028}.Release|Any CPU.Build.0 = Release|Any CPU
		{0F2EAC0B-BD99-4B0B-9C32-5C19955302ED}.Debug|Any CPU.ActiveCfg = Debug|Any CPU
		{0F2EAC0B-BD99-4B0B-9C32-5C19955302ED}.Debug|Any CPU.Build.0 = Debug|Any CPU
		{0F2EAC0B-BD99-4B0B-9C32-5C19955302ED}.Release|Any CPU.ActiveCfg = Release|Any CPU
		{0F2EAC0B-BD99-4B0B-9C32-5C19955302ED}.Release|Any CPU.Build.0 = Release|Any CPU
	EndGlobalSection
	GlobalSection(SolutionProperties) = preSolution
		HideSolutionNode = FALSE
	EndGlobalSection
	GlobalSection(ExtensibilityGlobals) = postSolution
		SolutionGuid = {3148264F-87CD-4837-8A45-CF94DD55816D}
	EndGlobalSection
EndGlobal
