
Microsoft Visual Studio Solution File, Format Version 12.00
# Visual Studio Version 16
VisualStudioVersion = 16.0.30503.244
MinimumVisualStudioVersion = 10.0.40219.1
Project("{FAE04EC0-301F-11D3-BF4B-00C04F79EFBC}") = "Информация о пользователе", "Информация о пользователе\Информация о пользователе.csproj", "{FED4E7DA-AE64-4985-ABF9-5B6CF58B96CD}"
EndProject
Global
	GlobalSection(SolutionConfigurationPlatforms) = preSolution
		Debug|Any CPU = Debug|Any CPU
		Release|Any CPU = Release|Any CPU
	EndGlobalSection
	GlobalSection(ProjectConfigurationPlatforms) = postSolution
		{FED4E7DA-AE64-4985-ABF9-5B6CF58B96CD}.Debug|Any CPU.ActiveCfg = Debug|Any CPU
		{FED4E7DA-AE64-4985-ABF9-5B6CF58B96CD}.Debug|Any CPU.Build.0 = Debug|Any CPU
		{FED4E7DA-AE64-4985-ABF9-5B6CF58B96CD}.Release|Any CPU.ActiveCfg = Release|Any CPU
		{FED4E7DA-AE64-4985-ABF9-5B6CF58B96CD}.Release|Any CPU.Build.0 = Release|Any CPU
	EndGlobalSection
	GlobalSection(SolutionProperties) = preSolution
		HideSolutionNode = FALSE
	EndGlobalSection
	GlobalSection(ExtensibilityGlobals) = postSolution
		SolutionGuid = {5042CC4C-0D9A-4631-A5E7-87EB73BD2C7A}
	EndGlobalSection
EndGlobal
