
Microsoft Visual Studio Solution File, Format Version 12.00
# Visual Studio Version 16
VisualStudioVersion = 16.0.30503.244
MinimumVisualStudioVersion = 10.0.40219.1
Project("{FAE04EC0-301F-11D3-BF4B-00C04F79EFBC}") = "Журнальчик какого то пикарда", "Журнальчик какого то пикарда\Журнальчик какого то пикарда.csproj", "{40CC4B3D-0E66-4C08-9CB3-35955F744E90}"
EndProject
Global
	GlobalSection(SolutionConfigurationPlatforms) = preSolution
		Debug|Any CPU = Debug|Any CPU
		Release|Any CPU = Release|Any CPU
	EndGlobalSection
	GlobalSection(ProjectConfigurationPlatforms) = postSolution
		{40CC4B3D-0E66-4C08-9CB3-35955F744E90}.Debug|Any CPU.ActiveCfg = Debug|Any CPU
		{40CC4B3D-0E66-4C08-9CB3-35955F744E90}.Debug|Any CPU.Build.0 = Debug|Any CPU
		{40CC4B3D-0E66-4C08-9CB3-35955F744E90}.Release|Any CPU.ActiveCfg = Release|Any CPU
		{40CC4B3D-0E66-4C08-9CB3-35955F744E90}.Release|Any CPU.Build.0 = Release|Any CPU
	EndGlobalSection
	GlobalSection(SolutionProperties) = preSolution
		HideSolutionNode = FALSE
	EndGlobalSection
	GlobalSection(ExtensibilityGlobals) = postSolution
		SolutionGuid = {51BEA68B-856F-4900-808B-265899AE9393}
	EndGlobalSection
EndGlobal
