
Microsoft Visual Studio Solution File, Format Version 12.00
# Visual Studio Version 16
VisualStudioVersion = 16.0.30503.244
MinimumVisualStudioVersion = 10.0.40219.1
Project("{FAE04EC0-301F-11D3-BF4B-00C04F79EFBC}") = "Yjhv", "Yjhv\Yjhv.csproj", "{33F04B76-FA54-4FC0-BA84-D2C890F38AAA}"
EndProject
Global
	GlobalSection(SolutionConfigurationPlatforms) = preSolution
		Debug|Any CPU = Debug|Any CPU
		Release|Any CPU = Release|Any CPU
	EndGlobalSection
	GlobalSection(ProjectConfigurationPlatforms) = postSolution
		{33F04B76-FA54-4FC0-BA84-D2C890F38AAA}.Debug|Any CPU.ActiveCfg = Debug|Any CPU
		{33F04B76-FA54-4FC0-BA84-D2C890F38AAA}.Debug|Any CPU.Build.0 = Debug|Any CPU
		{33F04B76-FA54-4FC0-BA84-D2C890F38AAA}.Release|Any CPU.ActiveCfg = Release|Any CPU
		{33F04B76-FA54-4FC0-BA84-D2C890F38AAA}.Release|Any CPU.Build.0 = Release|Any CPU
	EndGlobalSection
	GlobalSection(SolutionProperties) = preSolution
		HideSolutionNode = FALSE
	EndGlobalSection
	GlobalSection(ExtensibilityGlobals) = postSolution
		SolutionGuid = {A788C089-87DC-4DD2-A321-2725ED2B5D8C}
	EndGlobalSection
EndGlobal
