
Microsoft Visual Studio Solution File, Format Version 12.00
# Visual Studio Version 16
VisualStudioVersion = 16.0.30503.244
MinimumVisualStudioVersion = 10.0.40219.1
Project("{FAE04EC0-301F-11D3-BF4B-00C04F79EFBC}") = "Проверка числа на простоту", "Проверка числа на простоту\Проверка числа на простоту.csproj", "{0AE7536E-6E02-4635-BA66-ED41E51751B2}"
EndProject
Global
	GlobalSection(SolutionConfigurationPlatforms) = preSolution
		Debug|Any CPU = Debug|Any CPU
		Release|Any CPU = Release|Any CPU
	EndGlobalSection
	GlobalSection(ProjectConfigurationPlatforms) = postSolution
		{0AE7536E-6E02-4635-BA66-ED41E51751B2}.Debug|Any CPU.ActiveCfg = Debug|Any CPU
		{0AE7536E-6E02-4635-BA66-ED41E51751B2}.Debug|Any CPU.Build.0 = Debug|Any CPU
		{0AE7536E-6E02-4635-BA66-ED41E51751B2}.Release|Any CPU.ActiveCfg = Release|Any CPU
		{0AE7536E-6E02-4635-BA66-ED41E51751B2}.Release|Any CPU.Build.0 = Release|Any CPU
	EndGlobalSection
	GlobalSection(SolutionProperties) = preSolution
		HideSolutionNode = FALSE
	EndGlobalSection
	GlobalSection(ExtensibilityGlobals) = postSolution
		SolutionGuid = {4D582883-8A0B-416B-A628-075DAF934D9F}
	EndGlobalSection
EndGlobal
